
Microsoft Visual Studio Solution File, Format Version 12.00
# Visual Studio Version 17
VisualStudioVersion = 17.7.34221.43
MinimumVisualStudioVersion = 10.0.40219.1
Project("{8BC9CEB8-8B4A-11D0-8D11-00A0C91BC942}") = "C10_L4", "C10_L4\C10_L4.vcxproj", "{5DDA3D77-0FDA-4238-BB61-B32500DD9F03}"
EndProject
Global
	GlobalSection(SolutionConfigurationPlatforms) = preSolution
		Debug|x64 = Debug|x64
		Debug|x86 = Debug|x86
		Release|x64 = Release|x64
		Release|x86 = Release|x86
	EndGlobalSection
	GlobalSection(ProjectConfigurationPlatforms) = postSolution
		{5DDA3D77-0FDA-4238-BB61-B32500DD9F03}.Debug|x64.ActiveCfg = Debug|x64
		{5DDA3D77-0FDA-4238-BB61-B32500DD9F03}.Debug|x64.Build.0 = Debug|x64
		{5DDA3D77-0FDA-4238-BB61-B32500DD9F03}.Debug|x86.ActiveCfg = Debug|Win32
		{5DDA3D77-0FDA-4238-BB61-B32500DD9F03}.Debug|x86.Build.0 = Debug|Win32
		{5DDA3D77-0FDA-4238-BB61-B32500DD9F03}.Release|x64.ActiveCfg = Release|x64
		{5DDA3D77-0FDA-4238-BB61-B32500DD9F03}.Release|x64.Build.0 = Release|x64
		{5DDA3D77-0FDA-4238-BB61-B32500DD9F03}.Release|x86.ActiveCfg = Release|Win32
		{5DDA3D77-0FDA-4238-BB61-B32500DD9F03}.Release|x86.Build.0 = Release|Win32
	EndGlobalSection
	GlobalSection(SolutionProperties) = preSolution
		HideSolutionNode = FALSE
	EndGlobalSection
	GlobalSection(ExtensibilityGlobals) = postSolution
		SolutionGuid = {C2A3E21C-51DC-47E5-B3DC-535BECDCB6F5}
	EndGlobalSection
EndGlobal
