
Microsoft Visual Studio Solution File, Format Version 12.00
# Visual Studio Version 17
VisualStudioVersion = 17.7.34221.43
MinimumVisualStudioVersion = 10.0.40219.1
Project("{8BC9CEB8-8B4A-11D0-8D11-00A0C91BC942}") = "C10_L11", "C10_L11\C10_L11.vcxproj", "{6074717E-890A-404B-872A-0B726D708D7B}"
EndProject
Global
	GlobalSection(SolutionConfigurationPlatforms) = preSolution
		Debug|x64 = Debug|x64
		Debug|x86 = Debug|x86
		Release|x64 = Release|x64
		Release|x86 = Release|x86
	EndGlobalSection
	GlobalSection(ProjectConfigurationPlatforms) = postSolution
		{6074717E-890A-404B-872A-0B726D708D7B}.Debug|x64.ActiveCfg = Debug|x64
		{6074717E-890A-404B-872A-0B726D708D7B}.Debug|x64.Build.0 = Debug|x64
		{6074717E-890A-404B-872A-0B726D708D7B}.Debug|x86.ActiveCfg = Debug|Win32
		{6074717E-890A-404B-872A-0B726D708D7B}.Debug|x86.Build.0 = Debug|Win32
		{6074717E-890A-404B-872A-0B726D708D7B}.Release|x64.ActiveCfg = Release|x64
		{6074717E-890A-404B-872A-0B726D708D7B}.Release|x64.Build.0 = Release|x64
		{6074717E-890A-404B-872A-0B726D708D7B}.Release|x86.ActiveCfg = Release|Win32
		{6074717E-890A-404B-872A-0B726D708D7B}.Release|x86.Build.0 = Release|Win32
	EndGlobalSection
	GlobalSection(SolutionProperties) = preSolution
		HideSolutionNode = FALSE
	EndGlobalSection
	GlobalSection(ExtensibilityGlobals) = postSolution
		SolutionGuid = {F9475B27-DB70-4A02-A9AC-2D5D3A677556}
	EndGlobalSection
EndGlobal
